// !$*UTF8*$!
{
	archiveVersion = 1;
	classes = {
	};
	objectVersion = 50;
	objects = {

/* Begin PBXBuildFile section */
		7A5461BC22061F7700C8A7A4 /* AppDelegate.swift in Sources */ = {isa = PBXBuildFile; fileRef = 7A5461BB22061F7700C8A7A4 /* AppDelegate.swift */; };
		7A5461BE22061F7700C8A7A4 /* ViewController.swift in Sources */ = {isa = PBXBuildFile; fileRef = 7A5461BD22061F7700C8A7A4 /* ViewController.swift */; };
		7A5461C122061F7700C8A7A4 /* Main.storyboard in Resources */ = {isa = PBXBuildFile; fileRef = 7A5461BF22061F7700C8A7A4 /* Main.storyboard */; };
		7A5461C322061F7800C8A7A4 /* Assets.xcassets in Resources */ = {isa = PBXBuildFile; fileRef = 7A5461C222061F7800C8A7A4 /* Assets.xcassets */; };
		7A5461C622061F7800C8A7A4 /* LaunchScreen.storyboard in Resources */ = {isa = PBXBuildFile; fileRef = 7A5461C422061F7800C8A7A4 /* LaunchScreen.storyboard */; };
		7A5461CE2206200A00C8A7A4 /* Cat.swift in Sources */ = {isa = PBXBuildFile; fileRef = 7A5461CD2206200A00C8A7A4 /* Cat.swift */; };
		7A5461D02206204300C8A7A4 /* CatController.swift in Sources */ = {isa = PBXBuildFile; fileRef = 7A5461CF2206204300C8A7A4 /* CatController.swift */; };
		7A5461D222062ECF00C8A7A4 /* Extensions.swift in Sources */ = {isa = PBXBuildFile; fileRef = 7A5461D122062ECF00C8A7A4 /* Extensions.swift */; };
		7A5461D42206379B00C8A7A4 /* AppearanceHelper.swift in Sources */ = {isa = PBXBuildFile; fileRef = 7A5461D32206379B00C8A7A4 /* AppearanceHelper.swift */; };
		7A5461DB220644AD00C8A7A4 /* SavedCatImagesTableViewController.swift in Sources */ = {isa = PBXBuildFile; fileRef = 7A5461DA220644AD00C8A7A4 /* SavedCatImagesTableViewController.swift */; };
		7A5461DD220644C200C8A7A4 /* SavedCatImagesTableViewCell.swift in Sources */ = {isa = PBXBuildFile; fileRef = 7A5461DC220644C200C8A7A4 /* SavedCatImagesTableViewCell.swift */; };
/* End PBXBuildFile section */

/* Begin PBXFileReference section */
		7A5461B822061F7700C8A7A4 /* RandomCat.app */ = {isa = PBXFileReference; explicitFileType = wrapper.application; includeInIndex = 0; path = RandomCat.app; sourceTree = BUILT_PRODUCTS_DIR; };
		7A5461BB22061F7700C8A7A4 /* AppDelegate.swift */ = {isa = PBXFileReference; lastKnownFileType = sourcecode.swift; path = AppDelegate.swift; sourceTree = "<group>"; };
		7A5461BD22061F7700C8A7A4 /* ViewController.swift */ = {isa = PBXFileReference; lastKnownFileType = sourcecode.swift; path = ViewController.swift; sourceTree = "<group>"; };
		7A5461C022061F7700C8A7A4 /* Base */ = {isa = PBXFileReference; lastKnownFileType = file.storyboard; name = Base; path = Base.lproj/Main.storyboard; sourceTree = "<group>"; };
		7A5461C222061F7800C8A7A4 /* Assets.xcassets */ = {isa = PBXFileReference; lastKnownFileType = folder.assetcatalog; path = Assets.xcassets; sourceTree = "<group>"; };
		7A5461C522061F7800C8A7A4 /* Base */ = {isa = PBXFileReference; lastKnownFileType = file.storyboard; name = Base; path = Base.lproj/LaunchScreen.storyboard; sourceTree = "<group>"; };
		7A5461C722061F7800C8A7A4 /* Info.plist */ = {isa = PBXFileReference; lastKnownFileType = text.plist.xml; path = Info.plist; sourceTree = "<group>"; };
		7A5461CD2206200A00C8A7A4 /* Cat.swift */ = {isa = PBXFileReference; lastKnownFileType = sourcecode.swift; path = Cat.swift; sourceTree = "<group>"; };
		7A5461CF2206204300C8A7A4 /* CatController.swift */ = {isa = PBXFileReference; lastKnownFileType = sourcecode.swift; path = CatController.swift; sourceTree = "<group>"; };
		7A5461D122062ECF00C8A7A4 /* Extensions.swift */ = {isa = PBXFileReference; lastKnownFileType = sourcecode.swift; path = Extensions.swift; sourceTree = "<group>"; };
		7A5461D32206379B00C8A7A4 /* AppearanceHelper.swift */ = {isa = PBXFileReference; lastKnownFileType = sourcecode.swift; path = AppearanceHelper.swift; sourceTree = "<group>"; };
		7A5461DA220644AD00C8A7A4 /* SavedCatImagesTableViewController.swift */ = {isa = PBXFileReference; lastKnownFileType = sourcecode.swift; path = SavedCatImagesTableViewController.swift; sourceTree = "<group>"; };
		7A5461DC220644C200C8A7A4 /* SavedCatImagesTableViewCell.swift */ = {isa = PBXFileReference; lastKnownFileType = sourcecode.swift; path = SavedCatImagesTableViewCell.swift; sourceTree = "<group>"; };
/* End PBXFileReference section */

/* Begin PBXFrameworksBuildPhase section */
		7A5461B522061F7700C8A7A4 /* Frameworks */ = {
			isa = PBXFrameworksBuildPhase;
			buildActionMask = 2147483647;
			files = (
			);
			runOnlyForDeploymentPostprocessing = 0;
		};
/* End PBXFrameworksBuildPhase section */

/* Begin PBXGroup section */
		7A5461AF22061F7700C8A7A4 = {
			isa = PBXGroup;
			children = (
				7A5461BA22061F7700C8A7A4 /* RandomCat */,
				7A5461B922061F7700C8A7A4 /* Products */,
			);
			sourceTree = "<group>";
		};
		7A5461B922061F7700C8A7A4 /* Products */ = {
			isa = PBXGroup;
			children = (
				7A5461B822061F7700C8A7A4 /* RandomCat.app */,
			);
			name = Products;
			sourceTree = "<group>";
		};
		7A5461BA22061F7700C8A7A4 /* RandomCat */ = {
			isa = PBXGroup;
			children = (
				7A5461BB22061F7700C8A7A4 /* AppDelegate.swift */,
				7A5461DE22071EDA00C8A7A4 /* Views */,
				7A5461D5220639D700C8A7A4 /* Helper Files */,
				7A5461D6220639E300C8A7A4 /* View Controllers */,
				7A5461D7220639F400C8A7A4 /* Model */,
				7A5461D8220639F900C8A7A4 /* Model Controller */,
				7A5461D922063A0900C8A7A4 /* Story Boards */,
				7A5461C222061F7800C8A7A4 /* Assets.xcassets */,
				7A5461C722061F7800C8A7A4 /* Info.plist */,
			);
			path = RandomCat;
			sourceTree = "<group>";
		};
		7A5461D5220639D700C8A7A4 /* Helper Files */ = {
			isa = PBXGroup;
			children = (
				7A5461D32206379B00C8A7A4 /* AppearanceHelper.swift */,
				7A5461D122062ECF00C8A7A4 /* Extensions.swift */,
			);
			path = "Helper Files";
			sourceTree = "<group>";
		};
		7A5461D6220639E300C8A7A4 /* View Controllers */ = {
			isa = PBXGroup;
			children = (
				7A5461BD22061F7700C8A7A4 /* ViewController.swift */,
				7A5461DA220644AD00C8A7A4 /* SavedCatImagesTableViewController.swift */,
			);
			path = "View Controllers";
			sourceTree = "<group>";
		};
		7A5461D7220639F400C8A7A4 /* Model */ = {
			isa = PBXGroup;
			children = (
				7A5461CD2206200A00C8A7A4 /* Cat.swift */,
			);
			path = Model;
			sourceTree = "<group>";
		};
		7A5461D8220639F900C8A7A4 /* Model Controller */ = {
			isa = PBXGroup;
			children = (
				7A5461CF2206204300C8A7A4 /* CatController.swift */,
			);
			path = "Model Controller";
			sourceTree = "<group>";
		};
		7A5461D922063A0900C8A7A4 /* Story Boards */ = {
			isa = PBXGroup;
			children = (
				7A5461BF22061F7700C8A7A4 /* Main.storyboard */,
				7A5461C422061F7800C8A7A4 /* LaunchScreen.storyboard */,
			);
			path = "Story Boards";
			sourceTree = "<group>";
		};
		7A5461DE22071EDA00C8A7A4 /* Views */ = {
			isa = PBXGroup;
			children = (
				7A5461DC220644C200C8A7A4 /* SavedCatImagesTableViewCell.swift */,
			);
			path = Views;
			sourceTree = "<group>";
		};
/* End PBXGroup section */

/* Begin PBXNativeTarget section */
		7A5461B722061F7700C8A7A4 /* RandomCat */ = {
			isa = PBXNativeTarget;
			buildConfigurationList = 7A5461CA22061F7800C8A7A4 /* Build configuration list for PBXNativeTarget "RandomCat" */;
			buildPhases = (
				7A5461B422061F7700C8A7A4 /* Sources */,
				7A5461B522061F7700C8A7A4 /* Frameworks */,
				7A5461B622061F7700C8A7A4 /* Resources */,
			);
			buildRules = (
			);
			dependencies = (
			);
			name = RandomCat;
			productName = RandomCat;
			productReference = 7A5461B822061F7700C8A7A4 /* RandomCat.app */;
			productType = "com.apple.product-type.application";
		};
/* End PBXNativeTarget section */

/* Begin PBXProject section */
		7A5461B022061F7700C8A7A4 /* Project object */ = {
			isa = PBXProject;
			attributes = {
				LastSwiftUpdateCheck = 1010;
				LastUpgradeCheck = 1010;
				ORGANIZATIONNAME = "Nelson Gonzalez";
				TargetAttributes = {
					7A5461B722061F7700C8A7A4 = {
						CreatedOnToolsVersion = 10.1;
					};
				};
			};
			buildConfigurationList = 7A5461B322061F7700C8A7A4 /* Build configuration list for PBXProject "RandomCat" */;
			compatibilityVersion = "Xcode 9.3";
			developmentRegion = en;
			hasScannedForEncodings = 0;
			knownRegions = (
				en,
				Base,
			);
			mainGroup = 7A5461AF22061F7700C8A7A4;
			productRefGroup = 7A5461B922061F7700C8A7A4 /* Products */;
			projectDirPath = "";
			projectRoot = "";
			targets = (
				7A5461B722061F7700C8A7A4 /* RandomCat */,
			);
		};
/* End PBXProject section */

/* Begin PBXResourcesBuildPhase section */
		7A5461B622061F7700C8A7A4 /* Resources */ = {
			isa = PBXResourcesBuildPhase;
			buildActionMask = 2147483647;
			files = (
				7A5461C622061F7800C8A7A4 /* LaunchScreen.storyboard in Resources */,
				7A5461C322061F7800C8A7A4 /* Assets.xcassets in Resources */,
				7A5461C122061F7700C8A7A4 /* Main.storyboard in Resources */,
			);
			runOnlyForDeploymentPostprocessing = 0;
		};
/* End PBXResourcesBuildPhase section */

/* Begin PBXSourcesBuildPhase section */
		7A5461B422061F7700C8A7A4 /* Sources */ = {
			isa = PBXSourcesBuildPhase;
			buildActionMask = 2147483647;
			files = (
				7A5461DD220644C200C8A7A4 /* SavedCatImagesTableViewCell.swift in Sources */,
				7A5461D222062ECF00C8A7A4 /* Extensions.swift in Sources */,
				7A5461BE22061F7700C8A7A4 /* ViewController.swift in Sources */,
				7A5461BC22061F7700C8A7A4 /* AppDelegate.swift in Sources */,
				7A5461D02206204300C8A7A4 /* CatController.swift in Sources */,
				7A5461DB220644AD00C8A7A4 /* SavedCatImagesTableViewController.swift in Sources */,
				7A5461CE2206200A00C8A7A4 /* Cat.swift in Sources */,
				7A5461D42206379B00C8A7A4 /* AppearanceHelper.swift in Sources */,
			);
			runOnlyForDeploymentPostprocessing = 0;
		};
/* End PBXSourcesBuildPhase section */

/* Begin PBXVariantGroup section */
		7A5461BF22061F7700C8A7A4 /* Main.storyboard */ = {
			isa = PBXVariantGroup;
			children = (
				7A5461C022061F7700C8A7A4 /* Base */,
			);
			name = Main.storyboard;
			sourceTree = "<group>";
		};
		7A5461C422061F7800C8A7A4 /* LaunchScreen.storyboard */ = {
			isa = PBXVariantGroup;
			children = (
				7A5461C522061F7800C8A7A4 /* Base */,
			);
			name = LaunchScreen.storyboard;
			sourceTree = "<group>";
		};
/* End PBXVariantGroup section */

/* Begin XCBuildConfiguration section */
		7A5461C822061F7800C8A7A4 /* Debug */ = {
			isa = XCBuildConfiguration;
			buildSettings = {
				ALWAYS_SEARCH_USER_PATHS = NO;
				CLANG_ANALYZER_NONNULL = YES;
				CLANG_ANALYZER_NUMBER_OBJECT_CONVERSION = YES_AGGRESSIVE;
				CLANG_CXX_LANGUAGE_STANDARD = "gnu++14";
				CLANG_CXX_LIBRARY = "libc++";
				CLANG_ENABLE_MODULES = YES;
				CLANG_ENABLE_OBJC_ARC = YES;
				CLANG_ENABLE_OBJC_WEAK = YES;
				CLANG_WARN_BLOCK_CAPTURE_AUTORELEASING = YES;
				CLANG_WARN_BOOL_CONVERSION = YES;
				CLANG_WARN_COMMA = YES;
				CLANG_WARN_CONSTANT_CONVERSION = YES;
				CLANG_WARN_DEPRECATED_OBJC_IMPLEMENTATIONS = YES;
				CLANG_WARN_DIRECT_OBJC_ISA_USAGE = YES_ERROR;
				CLANG_WARN_DOCUMENTATION_COMMENTS = YES;
				CLANG_WARN_EMPTY_BODY = YES;
				CLANG_WARN_ENUM_CONVERSION = YES;
				CLANG_WARN_INFINITE_RECURSION = YES;
				CLANG_WARN_INT_CONVERSION = YES;
				CLANG_WARN_NON_LITERAL_NULL_CONVERSION = YES;
				CLANG_WARN_OBJC_IMPLICIT_RETAIN_SELF = YES;
				CLANG_WARN_OBJC_LITERAL_CONVERSION = YES;
				CLANG_WARN_OBJC_ROOT_CLASS = YES_ERROR;
				CLANG_WARN_RANGE_LOOP_ANALYSIS = YES;
				CLANG_WARN_STRICT_PROTOTYPES = YES;
				CLANG_WARN_SUSPICIOUS_MOVE = YES;
				CLANG_WARN_UNGUARDED_AVAILABILITY = YES_AGGRESSIVE;
				CLANG_WARN_UNREACHABLE_CODE = YES;
				CLANG_WARN__DUPLICATE_METHOD_MATCH = YES;
				CODE_SIGN_IDENTITY = "iPhone Developer";
				COPY_PHASE_STRIP = NO;
				DEBUG_INFORMATION_FORMAT = dwarf;
				ENABLE_STRICT_OBJC_MSGSEND = YES;
				ENABLE_TESTABILITY = YES;
				GCC_C_LANGUAGE_STANDARD = gnu11;
				GCC_DYNAMIC_NO_PIC = NO;
				GCC_NO_COMMON_BLOCKS = YES;
				GCC_OPTIMIZATION_LEVEL = 0;
				GCC_PREPROCESSOR_DEFINITIONS = (
					"DEBUG=1",
					"$(inherited)",
				);
				GCC_WARN_64_TO_32_BIT_CONVERSION = YES;
				GCC_WARN_ABOUT_RETURN_TYPE = YES_ERROR;
				GCC_WARN_UNDECLARED_SELECTOR = YES;
				GCC_WARN_UNINITIALIZED_AUTOS = YES_AGGRESSIVE;
				GCC_WARN_UNUSED_FUNCTION = YES;
				GCC_WARN_UNUSED_VARIABLE = YES;
				IPHONEOS_DEPLOYMENT_TARGET = 12.1;
				MTL_ENABLE_DEBUG_INFO = INCLUDE_SOURCE;
				MTL_FAST_MATH = YES;
				ONLY_ACTIVE_ARCH = YES;
				SDKROOT = iphoneos;
				SWIFT_ACTIVE_COMPILATION_CONDITIONS = DEBUG;
				SWIFT_OPTIMIZATION_LEVEL = "-Onone";
			};
			name = Debug;
		};
		7A5461C922061F7800C8A7A4 /* Release */ = {
			isa = XCBuildConfiguration;
			buildSettings = {
				ALWAYS_SEARCH_USER_PATHS = NO;
				CLANG_ANALYZER_NONNULL = YES;
				CLANG_ANALYZER_NUMBER_OBJECT_CONVERSION = YES_AGGRESSIVE;
				CLANG_CXX_LANGUAGE_STANDARD = "gnu++14";
				CLANG_CXX_LIBRARY = "libc++";
				CLANG_ENABLE_MODULES = YES;
				CLANG_ENABLE_OBJC_ARC = YES;
				CLANG_ENABLE_OBJC_WEAK = YES;
				CLANG_WARN_BLOCK_CAPTURE_AUTORELEASING = YES;
				CLANG_WARN_BOOL_CONVERSION = YES;
				CLANG_WARN_COMMA = YES;
				CLANG_WARN_CONSTANT_CONVERSION = YES;
				CLANG_WARN_DEPRECATED_OBJC_IMPLEMENTATIONS = YES;
				CLANG_WARN_DIRECT_OBJC_ISA_USAGE = YES_ERROR;
				CLANG_WARN_DOCUMENTATION_COMMENTS = YES;
				CLANG_WARN_EMPTY_BODY = YES;
				CLANG_WARN_ENUM_CONVERSION = YES;
				CLANG_WARN_INFINITE_RECURSION = YES;
				CLANG_WARN_INT_CONVERSION = YES;
				CLANG_WARN_NON_LITERAL_NULL_CONVERSION = YES;
				CLANG_WARN_OBJC_IMPLICIT_RETAIN_SELF = YES;
				CLANG_WARN_OBJC_LITERAL_CONVERSION = YES;
				CLANG_WARN_OBJC_ROOT_CLASS = YES_ERROR;
				CLANG_WARN_RANGE_LOOP_ANALYSIS = YES;
				CLANG_WARN_STRICT_PROTOTYPES = YES;
				CLANG_WARN_SUSPICIOUS_MOVE = YES;
				CLANG_WARN_UNGUARDED_AVAILABILITY = YES_AGGRESSIVE;
				CLANG_WARN_UNREACHABLE_CODE = YES;
				CLANG_WARN__DUPLICATE_METHOD_MATCH = YES;
				CODE_SIGN_IDENTITY = "iPhone Developer";
				COPY_PHASE_STRIP = NO;
				DEBUG_INFORMATION_FORMAT = "dwarf-with-dsym";
				ENABLE_NS_ASSERTIONS = NO;
				ENABLE_STRICT_OBJC_MSGSEND = YES;
				GCC_C_LANGUAGE_STANDARD = gnu11;
				GCC_NO_COMMON_BLOCKS = YES;
				GCC_WARN_64_TO_32_BIT_CONVERSION = YES;
				GCC_WARN_ABOUT_RETURN_TYPE = YES_ERROR;
				GCC_WARN_UNDECLARED_SELECTOR = YES;
				GCC_WARN_UNINITIALIZED_AUTOS = YES_AGGRESSIVE;
				GCC_WARN_UNUSED_FUNCTION = YES;
				GCC_WARN_UNUSED_VARIABLE = YES;
				IPHONEOS_DEPLOYMENT_TARGET = 12.1;
				MTL_ENABLE_DEBUG_INFO = NO;
				MTL_FAST_MATH = YES;
				SDKROOT = iphoneos;
				SWIFT_COMPILATION_MODE = wholemodule;
				SWIFT_OPTIMIZATION_LEVEL = "-O";
				VALIDATE_PRODUCT = YES;
			};
			name = Release;
		};
		7A5461CB22061F7800C8A7A4 /* Debug */ = {
			isa = XCBuildConfiguration;
			buildSettings = {
				ASSETCATALOG_COMPILER_APPICON_NAME = AppIcon;
				CODE_SIGN_STYLE = Automatic;
				DEVELOPMENT_TEAM = ZD9LN99SX6;
				INFOPLIST_FILE = RandomCat/Info.plist;
				LD_RUNPATH_SEARCH_PATHS = (
					"$(inherited)",
					"@executable_path/Frameworks",
				);
				PRODUCT_BUNDLE_IDENTIFIER = com.nelsongonzalez.RandomCat;
				PRODUCT_NAME = "$(TARGET_NAME)";
				SWIFT_VERSION = 4.2;
				TARGETED_DEVICE_FAMILY = "1,2";
			};
			name = Debug;
		};
		7A5461CC22061F7800C8A7A4 /* Release */ = {
			isa = XCBuildConfiguration;
			buildSettings = {
				ASSETCATALOG_COMPILER_APPICON_NAME = AppIcon;
				CODE_SIGN_STYLE = Automatic;
				DEVELOPMENT_TEAM = ZD9LN99SX6;
				INFOPLIST_FILE = RandomCat/Info.plist;
				LD_RUNPATH_SEARCH_PATHS = (
					"$(inherited)",
					"@executable_path/Frameworks",
				);
				PRODUCT_BUNDLE_IDENTIFIER = com.nelsongonzalez.RandomCat;
				PRODUCT_NAME = "$(TARGET_NAME)";
				SWIFT_VERSION = 4.2;
				TARGETED_DEVICE_FAMILY = "1,2";
			};
			name = Release;
		};
/* End XCBuildConfiguration section */

/* Begin XCConfigurationList section */
		7A5461B322061F7700C8A7A4 /* Build configuration list for PBXProject "RandomCat" */ = {
			isa = XCConfigurationList;
			buildConfigurations = (
				7A5461C822061F7800C8A7A4 /* Debug */,
				7A5461C922061F7800C8A7A4 /* Release */,
			);
			defaultConfigurationIsVisible = 0;
			defaultConfigurationName = Release;
		};
		7A5461CA22061F7800C8A7A4 /* Build configuration list for PBXNativeTarget "RandomCat" */ = {
			isa = XCConfigurationList;
			buildConfigurations = (
				7A5461CB22061F7800C8A7A4 /* Debug */,
				7A5461CC22061F7800C8A7A4 /* Release */,
			);
			defaultConfigurationIsVisible = 0;
			defaultConfigurationName = Release;
		};
/* End XCConfigurationList section */
	};
	rootObject = 7A5461B022061F7700C8A7A4 /* Project object */;
}
